
Microsoft Visual Studio Solution File, Format Version 12.00
Project("{FAE04EC0-301F-11D3-BF4B-00C04F79EFBC}") = "SeptemberUIChallenge", "SeptemberUIChallenge\SeptemberUIChallenge.csproj", "{5D3C88BD-6429-4F73-9031-81454C85A92A}"
EndProject
Project("{FAE04EC0-301F-11D3-BF4B-00C04F79EFBC}") = "SeptemberUIChallenge.Android", "SeptemberUIChallenge.Android\SeptemberUIChallenge.Android.csproj", "{F73EFB02-2CDD-480B-BA6B-AB61EDB829E4}"
EndProject
Project("{FAE04EC0-301F-11D3-BF4B-00C04F79EFBC}") = "SeptemberUIChallenge.iOS", "SeptemberUIChallenge.iOS\SeptemberUIChallenge.iOS.csproj", "{F5EC0DC2-9A22-4B1F-9D8D-30911A1A8F7E}"
EndProject
Global
	GlobalSection(SolutionConfigurationPlatforms) = preSolution
		Ad-Hoc|iPhone = Ad-Hoc|iPhone
		AppStore|iPhone = AppStore|iPhone
		Debug|Any CPU = Debug|Any CPU
		Debug|iPhone = Debug|iPhone
		Debug|iPhoneSimulator = Debug|iPhoneSimulator
		Release|Any CPU = Release|Any CPU
		Release|iPhone = Release|iPhone
		Release|iPhoneSimulator = Release|iPhoneSimulator
	EndGlobalSection
	GlobalSection(ProjectConfigurationPlatforms) = postSolution
		{5D3C88BD-6429-4F73-9031-81454C85A92A}.Ad-Hoc|iPhone.ActiveCfg = Debug|Any CPU
		{5D3C88BD-6429-4F73-9031-81454C85A92A}.Ad-Hoc|iPhone.Build.0 = Debug|Any CPU
		{5D3C88BD-6429-4F73-9031-81454C85A92A}.AppStore|iPhone.ActiveCfg = Debug|Any CPU
		{5D3C88BD-6429-4F73-9031-81454C85A92A}.AppStore|iPhone.Build.0 = Debug|Any CPU
		{5D3C88BD-6429-4F73-9031-81454C85A92A}.Debug|Any CPU.ActiveCfg = Debug|Any CPU
		{5D3C88BD-6429-4F73-9031-81454C85A92A}.Debug|Any CPU.Build.0 = Debug|Any CPU
		{5D3C88BD-6429-4F73-9031-81454C85A92A}.Debug|iPhone.ActiveCfg = Debug|Any CPU
		{5D3C88BD-6429-4F73-9031-81454C85A92A}.Debug|iPhone.Build.0 = Debug|Any CPU
		{5D3C88BD-6429-4F73-9031-81454C85A92A}.Debug|iPhoneSimulator.ActiveCfg = Debug|Any CPU
		{5D3C88BD-6429-4F73-9031-81454C85A92A}.Debug|iPhoneSimulator.Build.0 = Debug|Any CPU
		{5D3C88BD-6429-4F73-9031-81454C85A92A}.Release|Any CPU.ActiveCfg = Release|Any CPU
		{5D3C88BD-6429-4F73-9031-81454C85A92A}.Release|Any CPU.Build.0 = Release|Any CPU
		{5D3C88BD-6429-4F73-9031-81454C85A92A}.Release|iPhone.ActiveCfg = Release|Any CPU
		{5D3C88BD-6429-4F73-9031-81454C85A92A}.Release|iPhone.Build.0 = Release|Any CPU
		{5D3C88BD-6429-4F73-9031-81454C85A92A}.Release|iPhoneSimulator.ActiveCfg = Release|Any CPU
		{5D3C88BD-6429-4F73-9031-81454C85A92A}.Release|iPhoneSimulator.Build.0 = Release|Any CPU
		{F73EFB02-2CDD-480B-BA6B-AB61EDB829E4}.Ad-Hoc|iPhone.ActiveCfg = Debug|Any CPU
		{F73EFB02-2CDD-480B-BA6B-AB61EDB829E4}.Ad-Hoc|iPhone.Build.0 = Debug|Any CPU
		{F73EFB02-2CDD-480B-BA6B-AB61EDB829E4}.Ad-Hoc|iPhone.Deploy.0 = Debug|Any CPU
		{F73EFB02-2CDD-480B-BA6B-AB61EDB829E4}.AppStore|iPhone.ActiveCfg = Debug|Any CPU
		{F73EFB02-2CDD-480B-BA6B-AB61EDB829E4}.AppStore|iPhone.Build.0 = Debug|Any CPU
		{F73EFB02-2CDD-480B-BA6B-AB61EDB829E4}.AppStore|iPhone.Deploy.0 = Debug|Any CPU
		{F73EFB02-2CDD-480B-BA6B-AB61EDB829E4}.Debug|Any CPU.ActiveCfg = Debug|Any CPU
		{F73EFB02-2CDD-480B-BA6B-AB61EDB829E4}.Debug|Any CPU.Build.0 = Debug|Any CPU
		{F73EFB02-2CDD-480B-BA6B-AB61EDB829E4}.Debug|Any CPU.Deploy.0 = Debug|Any CPU
		{F73EFB02-2CDD-480B-BA6B-AB61EDB829E4}.Debug|iPhone.ActiveCfg = Debug|Any CPU
		{F73EFB02-2CDD-480B-BA6B-AB61EDB829E4}.Debug|iPhone.Build.0 = Debug|Any CPU
		{F73EFB02-2CDD-480B-BA6B-AB61EDB829E4}.Debug|iPhone.Deploy.0 = Debug|Any CPU
		{F73EFB02-2CDD-480B-BA6B-AB61EDB829E4}.Debug|iPhoneSimulator.ActiveCfg = Debug|Any CPU
		{F73EFB02-2CDD-480B-BA6B-AB61EDB829E4}.Debug|iPhoneSimulator.Build.0 = Debug|Any CPU
		{F73EFB02-2CDD-480B-BA6B-AB61EDB829E4}.Debug|iPhoneSimulator.Deploy.0 = Debug|Any CPU
		{F73EFB02-2CDD-480B-BA6B-AB61EDB829E4}.Release|Any CPU.ActiveCfg = Release|Any CPU
		{F73EFB02-2CDD-480B-BA6B-AB61EDB829E4}.Release|Any CPU.Build.0 = Release|Any CPU
		{F73EFB02-2CDD-480B-BA6B-AB61EDB829E4}.Release|Any CPU.Deploy.0 = Release|Any CPU
		{F73EFB02-2CDD-480B-BA6B-AB61EDB829E4}.Release|iPhone.ActiveCfg = Release|Any CPU
		{F73EFB02-2CDD-480B-BA6B-AB61EDB829E4}.Release|iPhone.Build.0 = Release|Any CPU
		{F73EFB02-2CDD-480B-BA6B-AB61EDB829E4}.Release|iPhone.Deploy.0 = Release|Any CPU
		{F73EFB02-2CDD-480B-BA6B-AB61EDB829E4}.Release|iPhoneSimulator.ActiveCfg = Release|Any CPU
		{F73EFB02-2CDD-480B-BA6B-AB61EDB829E4}.Release|iPhoneSimulator.Build.0 = Release|Any CPU
		{F73EFB02-2CDD-480B-BA6B-AB61EDB829E4}.Release|iPhoneSimulator.Deploy.0 = Release|Any CPU
		{F5EC0DC2-9A22-4B1F-9D8D-30911A1A8F7E}.Ad-Hoc|iPhone.ActiveCfg = Ad-Hoc|iPhone
		{F5EC0DC2-9A22-4B1F-9D8D-30911A1A8F7E}.Ad-Hoc|iPhone.Build.0 = Ad-Hoc|iPhone
		{F5EC0DC2-9A22-4B1F-9D8D-30911A1A8F7E}.Ad-Hoc|iPhone.Deploy.0 = Ad-Hoc|iPhone
		{F5EC0DC2-9A22-4B1F-9D8D-30911A1A8F7E}.AppStore|iPhone.ActiveCfg = AppStore|iPhone
		{F5EC0DC2-9A22-4B1F-9D8D-30911A1A8F7E}.AppStore|iPhone.Build.0 = AppStore|iPhone
		{F5EC0DC2-9A22-4B1F-9D8D-30911A1A8F7E}.AppStore|iPhone.Deploy.0 = AppStore|iPhone
		{F5EC0DC2-9A22-4B1F-9D8D-30911A1A8F7E}.Debug|Any CPU.ActiveCfg = Debug|iPhoneSimulator
		{F5EC0DC2-9A22-4B1F-9D8D-30911A1A8F7E}.Debug|Any CPU.Build.0 = Debug|iPhoneSimulator
		{F5EC0DC2-9A22-4B1F-9D8D-30911A1A8F7E}.Debug|Any CPU.Deploy.0 = Debug|iPhoneSimulator
		{F5EC0DC2-9A22-4B1F-9D8D-30911A1A8F7E}.Debug|iPhone.ActiveCfg = Debug|iPhone
		{F5EC0DC2-9A22-4B1F-9D8D-30911A1A8F7E}.Debug|iPhone.Build.0 = Debug|iPhone
		{F5EC0DC2-9A22-4B1F-9D8D-30911A1A8F7E}.Debug|iPhone.Deploy.0 = Debug|iPhone
		{F5EC0DC2-9A22-4B1F-9D8D-30911A1A8F7E}.Debug|iPhoneSimulator.ActiveCfg = Debug|iPhoneSimulator
		{F5EC0DC2-9A22-4B1F-9D8D-30911A1A8F7E}.Debug|iPhoneSimulator.Build.0 = Debug|iPhoneSimulator
		{F5EC0DC2-9A22-4B1F-9D8D-30911A1A8F7E}.Debug|iPhoneSimulator.Deploy.0 = Debug|iPhoneSimulator
		{F5EC0DC2-9A22-4B1F-9D8D-30911A1A8F7E}.Release|Any CPU.ActiveCfg = Release|iPhoneSimulator
		{F5EC0DC2-9A22-4B1F-9D8D-30911A1A8F7E}.Release|Any CPU.Build.0 = Release|iPhoneSimulator
		{F5EC0DC2-9A22-4B1F-9D8D-30911A1A8F7E}.Release|Any CPU.Deploy.0 = Release|iPhoneSimulator
		{F5EC0DC2-9A22-4B1F-9D8D-30911A1A8F7E}.Release|iPhone.ActiveCfg = Release|iPhone
		{F5EC0DC2-9A22-4B1F-9D8D-30911A1A8F7E}.Release|iPhone.Build.0 = Release|iPhone
		{F5EC0DC2-9A22-4B1F-9D8D-30911A1A8F7E}.Release|iPhone.Deploy.0 = Release|iPhone
		{F5EC0DC2-9A22-4B1F-9D8D-30911A1A8F7E}.Release|iPhoneSimulator.ActiveCfg = Release|iPhoneSimulator
		{F5EC0DC2-9A22-4B1F-9D8D-30911A1A8F7E}.Release|iPhoneSimulator.Build.0 = Release|iPhoneSimulator
		{F5EC0DC2-9A22-4B1F-9D8D-30911A1A8F7E}.Release|iPhoneSimulator.Deploy.0 = Release|iPhoneSimulator
	EndGlobalSection
EndGlobal
