
Microsoft Visual Studio Solution File, Format Version 12.00
Project("{FAE04EC0-301F-11D3-BF4B-00C04F79EFBC}") = "SeptemberUIChallenge", "SeptemberUIChallenge\SeptemberUIChallenge.csproj", "{5D3C88BD-6429-4F73-9031-81454C85A92A}"
EndProject
Project("{FAE04EC0-301F-11D3-BF4B-00C04F79EFBC}") = "SeptemberUIChallenge.Android", "SeptemberUIChallenge.Android\SeptemberUIChallenge.Android.csproj", "{F73EFB02-2CDD-480B-BA6B-AB61EDB829E4}"
EndProject
Project("{FAE04EC0-301F-11D3-BF4B-00C04F79EFBC}") = "SeptemberUIChallenge.iOS", "SeptemberUIChallenge.iOS\SeptemberUIChallenge.iOS.csproj", "{F5EC0DC2-9A22-4B1F-9D8D-30911A1A8F7E}"
EndProject
Project("{FAE04EC0-301F-11D3-BF4B-00C04F79EFBC}") = "SeptemberUIChallenge.Data", "SeptemberUIChallenge.Data\SeptemberUIChallenge.Data.csproj", "{FD7AD41F-AE4A-4EDA-A035-A85F8CF6A185}"
EndProject
Global
	GlobalSection(SolutionConfigurationPlatforms) = preSolution
		Debug|Any CPU = Debug|Any CPU
		Debug|iPhone = Debug|iPhone
		Debug|iPhoneSimulator = Debug|iPhoneSimulator
	EndGlobalSection
	GlobalSection(ProjectConfigurationPlatforms) = postSolution
		{5D3C88BD-6429-4F73-9031-81454C85A92A}.Debug|Any CPU.ActiveCfg = Debug|Any CPU
		{5D3C88BD-6429-4F73-9031-81454C85A92A}.Debug|Any CPU.Build.0 = Debug|Any CPU
		{5D3C88BD-6429-4F73-9031-81454C85A92A}.Debug|iPhone.ActiveCfg = Debug|Any CPU
		{5D3C88BD-6429-4F73-9031-81454C85A92A}.Debug|iPhone.Build.0 = Debug|Any CPU
		{5D3C88BD-6429-4F73-9031-81454C85A92A}.Debug|iPhoneSimulator.ActiveCfg = Debug|Any CPU
		{5D3C88BD-6429-4F73-9031-81454C85A92A}.Debug|iPhoneSimulator.Build.0 = Debug|Any CPU
		{F73EFB02-2CDD-480B-BA6B-AB61EDB829E4}.Debug|Any CPU.ActiveCfg = Debug|Any CPU
		{F73EFB02-2CDD-480B-BA6B-AB61EDB829E4}.Debug|Any CPU.Build.0 = Debug|Any CPU
		{F73EFB02-2CDD-480B-BA6B-AB61EDB829E4}.Debug|Any CPU.Deploy.0 = Debug|Any CPU
		{F73EFB02-2CDD-480B-BA6B-AB61EDB829E4}.Debug|iPhone.ActiveCfg = Debug|Any CPU
		{F73EFB02-2CDD-480B-BA6B-AB61EDB829E4}.Debug|iPhone.Build.0 = Debug|Any CPU
		{F73EFB02-2CDD-480B-BA6B-AB61EDB829E4}.Debug|iPhone.Deploy.0 = Debug|Any CPU
		{F73EFB02-2CDD-480B-BA6B-AB61EDB829E4}.Debug|iPhoneSimulator.ActiveCfg = Debug|Any CPU
		{F73EFB02-2CDD-480B-BA6B-AB61EDB829E4}.Debug|iPhoneSimulator.Build.0 = Debug|Any CPU
		{F73EFB02-2CDD-480B-BA6B-AB61EDB829E4}.Debug|iPhoneSimulator.Deploy.0 = Debug|Any CPU
		{F5EC0DC2-9A22-4B1F-9D8D-30911A1A8F7E}.Debug|Any CPU.ActiveCfg = Debug|iPhoneSimulator
		{F5EC0DC2-9A22-4B1F-9D8D-30911A1A8F7E}.Debug|Any CPU.Build.0 = Debug|iPhoneSimulator
		{F5EC0DC2-9A22-4B1F-9D8D-30911A1A8F7E}.Debug|Any CPU.Deploy.0 = Debug|iPhoneSimulator
		{F5EC0DC2-9A22-4B1F-9D8D-30911A1A8F7E}.Debug|iPhone.ActiveCfg = Debug|iPhone
		{F5EC0DC2-9A22-4B1F-9D8D-30911A1A8F7E}.Debug|iPhone.Build.0 = Debug|iPhone
		{F5EC0DC2-9A22-4B1F-9D8D-30911A1A8F7E}.Debug|iPhone.Deploy.0 = Debug|iPhone
		{F5EC0DC2-9A22-4B1F-9D8D-30911A1A8F7E}.Debug|iPhoneSimulator.ActiveCfg = Debug|iPhoneSimulator
		{F5EC0DC2-9A22-4B1F-9D8D-30911A1A8F7E}.Debug|iPhoneSimulator.Build.0 = Debug|iPhoneSimulator
		{F5EC0DC2-9A22-4B1F-9D8D-30911A1A8F7E}.Debug|iPhoneSimulator.Deploy.0 = Debug|iPhoneSimulator
		{FD7AD41F-AE4A-4EDA-A035-A85F8CF6A185}.Debug|Any CPU.ActiveCfg = Debug|Any CPU
		{FD7AD41F-AE4A-4EDA-A035-A85F8CF6A185}.Debug|Any CPU.Build.0 = Debug|Any CPU
		{FD7AD41F-AE4A-4EDA-A035-A85F8CF6A185}.Debug|iPhone.ActiveCfg = Debug|Any CPU
		{FD7AD41F-AE4A-4EDA-A035-A85F8CF6A185}.Debug|iPhone.Build.0 = Debug|Any CPU
		{FD7AD41F-AE4A-4EDA-A035-A85F8CF6A185}.Debug|iPhoneSimulator.ActiveCfg = Debug|Any CPU
		{FD7AD41F-AE4A-4EDA-A035-A85F8CF6A185}.Debug|iPhoneSimulator.Build.0 = Debug|Any CPU
	EndGlobalSection
EndGlobal
